
Microsoft Visual Studio Solution File, Format Version 12.00
# Visual Studio Version 16
VisualStudioVersion = 16.0.30406.217
MinimumVisualStudioVersion = 10.0.40219.1
Project("{F184B08F-C81C-45F6-A57F-5ABD9991F28F}") = "PokesFriendFacebook", "PokesFriendFacebook\PokesFriendFacebook.vbproj", "{C1DF93E1-0D48-417B-BABC-16B1791FBC7F}"
EndProject
Global
	GlobalSection(SolutionConfigurationPlatforms) = preSolution
		Debug|Any CPU = Debug|Any CPU
		Release|Any CPU = Release|Any CPU
	EndGlobalSection
	GlobalSection(ProjectConfigurationPlatforms) = postSolution
		{C1DF93E1-0D48-417B-BABC-16B1791FBC7F}.Debug|Any CPU.ActiveCfg = Debug|Any CPU
		{C1DF93E1-0D48-417B-BABC-16B1791FBC7F}.Debug|Any CPU.Build.0 = Debug|Any CPU
		{C1DF93E1-0D48-417B-BABC-16B1791FBC7F}.Release|Any CPU.ActiveCfg = Release|Any CPU
		{C1DF93E1-0D48-417B-BABC-16B1791FBC7F}.Release|Any CPU.Build.0 = Release|Any CPU
	EndGlobalSection
	GlobalSection(SolutionProperties) = preSolution
		HideSolutionNode = FALSE
	EndGlobalSection
	GlobalSection(ExtensibilityGlobals) = postSolution
		SolutionGuid = {7F57AD15-B6C4-45E6-9EC0-997DBEBC570B}
	EndGlobalSection
EndGlobal
